{
  "name": "benchmarks",
  "version": "1.0.0",
  "lockfileVersion": 2,
  "requires": true,
  "packages": {
    "": {
      "version": "1.0.0",
      "license": "ISC",
      "dependencies": {
        "immer": "^9.0.5",
        "immutable": "^4.0.0-rc.14"
      }
    },
    "node_modules/immer": {
      "version": "9.0.5",
      "resolved": "https://registry.npmjs.org/immer/-/immer-9.0.5.tgz",
      "integrity": "sha512-2WuIehr2y4lmYz9gaQzetPR2ECniCifk4ORaQbU3g5EalLt+0IVTosEPJ5BoYl/75ky2mivzdRzV8wWgQGOSYQ==",
      "funding": {
        "type": "opencollective",
        "url": "https://opencollective.com/immer"
      }
    },
    "node_modules/immutable": {
      "version": "4.0.0-rc.14",
      "resolved": "https://registry.npmjs.org/immutable/-/immutable-4.0.0-rc.14.tgz",
      "integrity": "sha512-pfkvmRKJSoW7JFx0QeYlAmT+kNYvn5j0u7bnpNq4N2RCvHSTlLT208G8jgaquNe+Q8kCPHKOSpxJkyvLDpYq0w=="
    }
  },
  "dependencies": {
    "immer": {
      "version": "9.0.5",
      "resolved": "https://registry.npmjs.org/immer/-/immer-9.0.5.tgz",
      "integrity": "sha512-2WuIehr2y4lmYz9gaQzetPR2ECniCifk4ORaQbU3g5EalLt+0IVTosEPJ5BoYl/75ky2mivzdRzV8wWgQGOSYQ=="
    },
    "immutable": {
      "version": "4.0.0-rc.14",
      "resolved": "https://registry.npmjs.org/immutable/-/immutable-4.0.0-rc.14.tgz",
      "integrity": "sha512-pfkvmRKJSoW7JFx0QeYlAmT+kNYvn5j0u7bnpNq4N2RCvHSTlLT208G8jgaquNe+Q8kCPHKOSpxJkyvLDpYq0w=="
    }
  }
}
